dependencies:
- name: products
  repository: https://raw.githubusercontent.com/willismorse/microservices-demo-microfrontend-products/master/
  version: 0.1.2
- name: pfs-ui
  repository: file://appr_charts/willismorsecoreinfo/pfs-ui
  version: 0.1.0
- name: hostapp
  repository: https://raw.githubusercontent.com/willismorse/microservices-demo-microfrontend-hostapp/master/
  version: 0.1.1
digest: sha256:6cc043193765695e1c66ae3f4435d68f3f637e123761e0e6e1762ca3c97ab97d
generated: 2018-02-23T09:41:44.224781-05:00
